
Microsoft Visual Studio Solution File, Format Version 12.00
# Visual Studio Version 17
VisualStudioVersion = 17.8.34525.116
MinimumVisualStudioVersion = 10.0.40219.1
Project("{FAE04EC0-301F-11D3-BF4B-00C04F79EFBC}") = "Constructors", "Constructors\Constructors.csproj", "{84934477-35E5-4501-BA4D-57CD646CD7BA}"
EndProject
Global
	GlobalSection(SolutionConfigurationPlatforms) = preSolution
		Debug|Any CPU = Debug|Any CPU
		Release|Any CPU = Release|Any CPU
	EndGlobalSection
	GlobalSection(ProjectConfigurationPlatforms) = postSolution
		{84934477-35E5-4501-BA4D-57CD646CD7BA}.Debug|Any CPU.ActiveCfg = Debug|Any CPU
		{84934477-35E5-4501-BA4D-57CD646CD7BA}.Debug|Any CPU.Build.0 = Debug|Any CPU
		{84934477-35E5-4501-BA4D-57CD646CD7BA}.Release|Any CPU.ActiveCfg = Release|Any CPU
		{84934477-35E5-4501-BA4D-57CD646CD7BA}.Release|Any CPU.Build.0 = Release|Any CPU
	EndGlobalSection
	GlobalSection(SolutionProperties) = preSolution
		HideSolutionNode = FALSE
	EndGlobalSection
	GlobalSection(ExtensibilityGlobals) = postSolution
		SolutionGuid = {35DBE43E-4EBF-498A-A8AB-1B42FC88BF88}
	EndGlobalSection
EndGlobal
