
Microsoft Visual Studio Solution File, Format Version 12.00
# Visual Studio Version 17
VisualStudioVersion = 17.8.34525.116
MinimumVisualStudioVersion = 10.0.40219.1
Project("{FAE04EC0-301F-11D3-BF4B-00C04F79EFBC}") = "Generics", "Generics\Generics.csproj", "{DDE04D1D-0CD4-4D72-AF26-135A888251C7}"
EndProject
Global
	GlobalSection(SolutionConfigurationPlatforms) = preSolution
		Debug|Any CPU = Debug|Any CPU
		Release|Any CPU = Release|Any CPU
	EndGlobalSection
	GlobalSection(ProjectConfigurationPlatforms) = postSolution
		{DDE04D1D-0CD4-4D72-AF26-135A888251C7}.Debug|Any CPU.ActiveCfg = Debug|Any CPU
		{DDE04D1D-0CD4-4D72-AF26-135A888251C7}.Debug|Any CPU.Build.0 = Debug|Any CPU
		{DDE04D1D-0CD4-4D72-AF26-135A888251C7}.Release|Any CPU.ActiveCfg = Release|Any CPU
		{DDE04D1D-0CD4-4D72-AF26-135A888251C7}.Release|Any CPU.Build.0 = Release|Any CPU
	EndGlobalSection
	GlobalSection(SolutionProperties) = preSolution
		HideSolutionNode = FALSE
	EndGlobalSection
	GlobalSection(ExtensibilityGlobals) = postSolution
		SolutionGuid = {FA024050-F5B2-4DDB-AA91-833BD3399EB9}
	EndGlobalSection
EndGlobal
